// !$*UTF8*$!
{
	archiveVersion = 1;
	classes = {
	};
	objectVersion = 50;
	objects = {

/* Begin PBXBuildFile section */
		0D84DAA122C1E2CB00FC43BE /* SigninViewController.swift in Sources */ = {isa = PBXBuildFile; fileRef = 0D84DAA022C1E2CB00FC43BE /* SigninViewController.swift */; };
		0D84DAA322C1E61100FC43BE /* GoogleService-Info.plist in Resources */ = {isa = PBXBuildFile; fileRef = 0D84DAA222C1E61100FC43BE /* GoogleService-Info.plist */; };
		0D84DAA522C23C1000FC43BE /* CreateUserViewController.swift in Sources */ = {isa = PBXBuildFile; fileRef = 0D84DAA422C23C1000FC43BE /* CreateUserViewController.swift */; };
		0D85906320EDE8E30069DE17 /* AddmomViewController.swift in Sources */ = {isa = PBXBuildFile; fileRef = 0D85906220EDE8E30069DE17 /* AddmomViewController.swift */; };
		0D85906520EDE8F70069DE17 /* MomTableViewController.swift in Sources */ = {isa = PBXBuildFile; fileRef = 0D85906420EDE8F70069DE17 /* MomTableViewController.swift */; };
		0D85906920EE1F5D0069DE17 /* Todos.xcdatamodeld in Sources */ = {isa = PBXBuildFile; fileRef = 0D85906720EE1F5D0069DE17 /* Todos.xcdatamodeld */; };
		0D85906B20EE22DA0069DE17 /* CoreDataStack.swift in Sources */ = {isa = PBXBuildFile; fileRef = 0D85906A20EE22DA0069DE17 /* CoreDataStack.swift */; };
		0D9789CC20ED027600C95818 /* AppDelegate.swift in Sources */ = {isa = PBXBuildFile; fileRef = 0D9789CB20ED027600C95818 /* AppDelegate.swift */; };
		0D9789D120ED027600C95818 /* Main.storyboard in Resources */ = {isa = PBXBuildFile; fileRef = 0D9789CF20ED027600C95818 /* Main.storyboard */; };
		0D9789D320ED027700C95818 /* Assets.xcassets in Resources */ = {isa = PBXBuildFile; fileRef = 0D9789D220ED027700C95818 /* Assets.xcassets */; };
		0D9789D620ED027800C95818 /* LaunchScreen.storyboard in Resources */ = {isa = PBXBuildFile; fileRef = 0D9789D420ED027800C95818 /* LaunchScreen.storyboard */; };
		0DEB2B6A20EF68B800B61F44 /* PickerViewController.swift in Sources */ = {isa = PBXBuildFile; fileRef = 0DEB2B6920EF68B800B61F44 /* PickerViewController.swift */; };
		2229E27E375942CEAC8A621C /* Pods_ToDoApp.framework in Frameworks */ = {isa = PBXBuildFile; fileRef = 68589E2C9591C3666D614874 /* Pods_ToDoApp.framework */; };
/* End PBXBuildFile section */

/* Begin PBXFileReference section */
		0D84DAA022C1E2CB00FC43BE /* SigninViewController.swift */ = {isa = PBXFileReference; lastKnownFileType = sourcecode.swift; path = SigninViewController.swift; sourceTree = "<group>"; };
		0D84DAA222C1E61100FC43BE /* GoogleService-Info.plist */ = {isa = PBXFileReference; fileEncoding = 4; lastKnownFileType = text.plist.xml; path = "GoogleService-Info.plist"; sourceTree = "<group>"; };
		0D84DAA422C23C1000FC43BE /* CreateUserViewController.swift */ = {isa = PBXFileReference; lastKnownFileType = sourcecode.swift; path = CreateUserViewController.swift; sourceTree = "<group>"; };
		0D85906220EDE8E30069DE17 /* AddmomViewController.swift */ = {isa = PBXFileReference; lastKnownFileType = sourcecode.swift; path = AddmomViewController.swift; sourceTree = "<group>"; };
		0D85906420EDE8F70069DE17 /* MomTableViewController.swift */ = {isa = PBXFileReference; lastKnownFileType = sourcecode.swift; path = MomTableViewController.swift; sourceTree = "<group>"; };
		0D85906820EE1F5D0069DE17 /* Todos.xcdatamodel */ = {isa = PBXFileReference; lastKnownFileType = wrapper.xcdatamodel; path = Todos.xcdatamodel; sourceTree = "<group>"; };
		0D85906A20EE22DA0069DE17 /* CoreDataStack.swift */ = {isa = PBXFileReference; lastKnownFileType = sourcecode.swift; path = CoreDataStack.swift; sourceTree = "<group>"; };
		0D9789C820ED027600C95818 /* ToDoApp.app */ = {isa = PBXFileReference; explicitFileType = wrapper.application; includeInIndex = 0; path = ToDoApp.app; sourceTree = BUILT_PRODUCTS_DIR; };
		0D9789CB20ED027600C95818 /* AppDelegate.swift */ = {isa = PBXFileReference; lastKnownFileType = sourcecode.swift; path = AppDelegate.swift; sourceTree = "<group>"; };
		0D9789D020ED027600C95818 /* Base */ = {isa = PBXFileReference; lastKnownFileType = file.storyboard; name = Base; path = Base.lproj/Main.storyboard; sourceTree = "<group>"; };
		0D9789D220ED027700C95818 /* Assets.xcassets */ = {isa = PBXFileReference; lastKnownFileType = folder.assetcatalog; path = Assets.xcassets; sourceTree = "<group>"; };
		0D9789D520ED027800C95818 /* Base */ = {isa = PBXFileReference; lastKnownFileType = file.storyboard; name = Base; path = Base.lproj/LaunchScreen.storyboard; sourceTree = "<group>"; };
		0D9789D720ED027800C95818 /* Info.plist */ = {isa = PBXFileReference; lastKnownFileType = text.plist.xml; path = Info.plist; sourceTree = "<group>"; };
		0DEB2B6920EF68B800B61F44 /* PickerViewController.swift */ = {isa = PBXFileReference; lastKnownFileType = sourcecode.swift; path = PickerViewController.swift; sourceTree = "<group>"; };
		133807B501AD0EFB9DA55D9A /* Pods-ToDoApp.release.xcconfig */ = {isa = PBXFileReference; includeInIndex = 1; lastKnownFileType = text.xcconfig; name = "Pods-ToDoApp.release.xcconfig"; path = "Target Support Files/Pods-ToDoApp/Pods-ToDoApp.release.xcconfig"; sourceTree = "<group>"; };
		5A2B64150975378EEF85A8EA /* Pods-ToDoApp.debug.xcconfig */ = {isa = PBXFileReference; includeInIndex = 1; lastKnownFileType = text.xcconfig; name = "Pods-ToDoApp.debug.xcconfig"; path = "Target Support Files/Pods-ToDoApp/Pods-ToDoApp.debug.xcconfig"; sourceTree = "<group>"; };
		68589E2C9591C3666D614874 /* Pods_ToDoApp.framework */ = {isa = PBXFileReference; explicitFileType = wrapper.framework; includeInIndex = 0; path = Pods_ToDoApp.framework; sourceTree = BUILT_PRODUCTS_DIR; };
/* End PBXFileReference section */

/* Begin PBXFrameworksBuildPhase section */
		0D9789C520ED027600C95818 /* Frameworks */ = {
			isa = PBXFrameworksBuildPhase;
			buildActionMask = 2147483647;
			files = (
				2229E27E375942CEAC8A621C /* Pods_ToDoApp.framework in Frameworks */,
			);
			runOnlyForDeploymentPostprocessing = 0;
		};
/* End PBXFrameworksBuildPhase section */

/* Begin PBXGroup section */
		0D85906120EDE79F0069DE17 /* ViewControllers */ = {
			isa = PBXGroup;
			children = (
				0D85906220EDE8E30069DE17 /* AddmomViewController.swift */,
				0D84DAA422C23C1000FC43BE /* CreateUserViewController.swift */,
				0D85906420EDE8F70069DE17 /* MomTableViewController.swift */,
				0DEB2B6920EF68B800B61F44 /* PickerViewController.swift */,
				0D84DAA022C1E2CB00FC43BE /* SigninViewController.swift */,
			);
			path = ViewControllers;
			sourceTree = "<group>";
		};
		0D85906620EE1F2D0069DE17 /* CoreData */ = {
			isa = PBXGroup;
			children = (
				0D85906720EE1F5D0069DE17 /* Todos.xcdatamodeld */,
				0D85906A20EE22DA0069DE17 /* CoreDataStack.swift */,
			);
			path = CoreData;
			sourceTree = "<group>";
		};
		0D9789BF20ED027600C95818 = {
			isa = PBXGroup;
			children = (
				0D9789CA20ED027600C95818 /* ToDoApp */,
				0D9789C920ED027600C95818 /* Products */,
				3640A4CA1A077D5402A81560 /* Pods */,
				EF5AA9A0A5AD219E6403DB6A /* Frameworks */,
			);
			sourceTree = "<group>";
		};
		0D9789C920ED027600C95818 /* Products */ = {
			isa = PBXGroup;
			children = (
				0D9789C820ED027600C95818 /* ToDoApp.app */,
			);
			name = Products;
			sourceTree = "<group>";
		};
		0D9789CA20ED027600C95818 /* ToDoApp */ = {
			isa = PBXGroup;
			children = (
				0D85906620EE1F2D0069DE17 /* CoreData */,
				0D85906120EDE79F0069DE17 /* ViewControllers */,
				0D9789CB20ED027600C95818 /* AppDelegate.swift */,
				0D9789CF20ED027600C95818 /* Main.storyboard */,
				0D9789D220ED027700C95818 /* Assets.xcassets */,
				0D9789D420ED027800C95818 /* LaunchScreen.storyboard */,
				0D9789D720ED027800C95818 /* Info.plist */,
				0D84DAA222C1E61100FC43BE /* GoogleService-Info.plist */,
			);
			path = ToDoApp;
			sourceTree = "<group>";
		};
		3640A4CA1A077D5402A81560 /* Pods */ = {
			isa = PBXGroup;
			children = (
				5A2B64150975378EEF85A8EA /* Pods-ToDoApp.debug.xcconfig */,
				133807B501AD0EFB9DA55D9A /* Pods-ToDoApp.release.xcconfig */,
			);
			path = Pods;
			sourceTree = "<group>";
		};
		EF5AA9A0A5AD219E6403DB6A /* Frameworks */ = {
			isa = PBXGroup;
			children = (
				68589E2C9591C3666D614874 /* Pods_ToDoApp.framework */,
			);
			name = Frameworks;
			sourceTree = "<group>";
		};
/* End PBXGroup section */

/* Begin PBXNativeTarget section */
		0D9789C720ED027600C95818 /* ToDoApp */ = {
			isa = PBXNativeTarget;
			buildConfigurationList = 0D9789DA20ED027800C95818 /* Build configuration list for PBXNativeTarget "ToDoApp" */;
			buildPhases = (
				16526D99AAF554C835F19537 /* [CP] Check Pods Manifest.lock */,
				0D9789C420ED027600C95818 /* Sources */,
				0D9789C520ED027600C95818 /* Frameworks */,
				0D9789C620ED027600C95818 /* Resources */,
				0DF069323D9ECA896EF21EB7 /* [CP] Embed Pods Frameworks */,
			);
			buildRules = (
			);
			dependencies = (
			);
			name = ToDoApp;
			productName = ToDoApp;
			productReference = 0D9789C820ED027600C95818 /* ToDoApp.app */;
			productType = "com.apple.product-type.application";
		};
/* End PBXNativeTarget section */

/* Begin PBXProject section */
		0D9789C020ED027600C95818 /* Project object */ = {
			isa = PBXProject;
			attributes = {
				LastSwiftUpdateCheck = 0940;
				LastUpgradeCheck = 0940;
				ORGANIZATIONNAME = "Sushmitha Devi";
				TargetAttributes = {
					0D9789C720ED027600C95818 = {
						CreatedOnToolsVersion = 9.4.1;
					};
				};
			};
			buildConfigurationList = 0D9789C320ED027600C95818 /* Build configuration list for PBXProject "ToDoApp" */;
			compatibilityVersion = "Xcode 9.3";
			developmentRegion = en;
			hasScannedForEncodings = 0;
			knownRegions = (
				en,
				Base,
			);
			mainGroup = 0D9789BF20ED027600C95818;
			productRefGroup = 0D9789C920ED027600C95818 /* Products */;
			projectDirPath = "";
			projectRoot = "";
			targets = (
				0D9789C720ED027600C95818 /* ToDoApp */,
			);
		};
/* End PBXProject section */

/* Begin PBXResourcesBuildPhase section */
		0D9789C620ED027600C95818 /* Resources */ = {
			isa = PBXResourcesBuildPhase;
			buildActionMask = 2147483647;
			files = (
				0D9789D620ED027800C95818 /* LaunchScreen.storyboard in Resources */,
				0D84DAA322C1E61100FC43BE /* GoogleService-Info.plist in Resources */,
				0D9789D320ED027700C95818 /* Assets.xcassets in Resources */,
				0D9789D120ED027600C95818 /* Main.storyboard in Resources */,
			);
			runOnlyForDeploymentPostprocessing = 0;
		};
/* End PBXResourcesBuildPhase section */

/* Begin PBXShellScriptBuildPhase section */
		0DF069323D9ECA896EF21EB7 /* [CP] Embed Pods Frameworks */ = {
			isa = PBXShellScriptBuildPhase;
			buildActionMask = 2147483647;
			files = (
			);
			inputPaths = (
				"${PODS_ROOT}/Target Support Files/Pods-ToDoApp/Pods-ToDoApp-frameworks.sh",
				"${BUILT_PRODUCTS_DIR}/GTMSessionFetcher/GTMSessionFetcher.framework",
				"${BUILT_PRODUCTS_DIR}/GoogleUtilities/GoogleUtilities.framework",
				"${BUILT_PRODUCTS_DIR}/nanopb/nanopb.framework",
			);
			name = "[CP] Embed Pods Frameworks";
			outputPaths = (
				"${TARGET_BUILD_DIR}/${FRAMEWORKS_FOLDER_PATH}/GTMSessionFetcher.framework",
				"${TARGET_BUILD_DIR}/${FRAMEWORKS_FOLDER_PATH}/GoogleUtilities.framework",
				"${TARGET_BUILD_DIR}/${FRAMEWORKS_FOLDER_PATH}/nanopb.framework",
			);
			runOnlyForDeploymentPostprocessing = 0;
			shellPath = /bin/sh;
			shellScript = "\"${PODS_ROOT}/Target Support Files/Pods-ToDoApp/Pods-ToDoApp-frameworks.sh\"\n";
			showEnvVarsInLog = 0;
		};
		16526D99AAF554C835F19537 /* [CP] Check Pods Manifest.lock */ = {
			isa = PBXShellScriptBuildPhase;
			buildActionMask = 2147483647;
			files = (
			);
			inputPaths = (
				"${PODS_PODFILE_DIR_PATH}/Podfile.lock",
				"${PODS_ROOT}/Manifest.lock",
			);
			name = "[CP] Check Pods Manifest.lock";
			outputPaths = (
				"$(DERIVED_FILE_DIR)/Pods-ToDoApp-checkManifestLockResult.txt",
			);
			runOnlyForDeploymentPostprocessing = 0;
			shellPath = /bin/sh;
			shellScript = "diff \"${PODS_PODFILE_DIR_PATH}/Podfile.lock\" \"${PODS_ROOT}/Manifest.lock\" > /dev/null\nif [ $? != 0 ] ; then\n    # print error to STDERR\n    echo \"error: The sandbox is not in sync with the Podfile.lock. Run 'pod install' or update your CocoaPods installation.\" >&2\n    exit 1\nfi\n# This output is used by Xcode 'outputs' to avoid re-running this script phase.\necho \"SUCCESS\" > \"${SCRIPT_OUTPUT_FILE_0}\"\n";
			showEnvVarsInLog = 0;
		};
/* End PBXShellScriptBuildPhase section */

/* Begin PBXSourcesBuildPhase section */
		0D9789C420ED027600C95818 /* Sources */ = {
			isa = PBXSourcesBuildPhase;
			buildActionMask = 2147483647;
			files = (
				0D85906920EE1F5D0069DE17 /* Todos.xcdatamodeld in Sources */,
				0D85906520EDE8F70069DE17 /* MomTableViewController.swift in Sources */,
				0D85906B20EE22DA0069DE17 /* CoreDataStack.swift in Sources */,
				0D84DAA522C23C1000FC43BE /* CreateUserViewController.swift in Sources */,
				0D84DAA122C1E2CB00FC43BE /* SigninViewController.swift in Sources */,
				0D85906320EDE8E30069DE17 /* AddmomViewController.swift in Sources */,
				0DEB2B6A20EF68B800B61F44 /* PickerViewController.swift in Sources */,
				0D9789CC20ED027600C95818 /* AppDelegate.swift in Sources */,
			);
			runOnlyForDeploymentPostprocessing = 0;
		};
/* End PBXSourcesBuildPhase section */

/* Begin PBXVariantGroup section */
		0D9789CF20ED027600C95818 /* Main.storyboard */ = {
			isa = PBXVariantGroup;
			children = (
				0D9789D020ED027600C95818 /* Base */,
			);
			name = Main.storyboard;
			sourceTree = "<group>";
		};
		0D9789D420ED027800C95818 /* LaunchScreen.storyboard */ = {
			isa = PBXVariantGroup;
			children = (
				0D9789D520ED027800C95818 /* Base */,
			);
			name = LaunchScreen.storyboard;
			sourceTree = "<group>";
		};
/* End PBXVariantGroup section */

/* Begin XCBuildConfiguration section */
		0D9789D820ED027800C95818 /* Debug */ = {
			isa = XCBuildConfiguration;
			buildSettings = {
				ALWAYS_SEARCH_USER_PATHS = NO;
				CLANG_ANALYZER_NONNULL = YES;
				CLANG_ANALYZER_NUMBER_OBJECT_CONVERSION = YES_AGGRESSIVE;
				CLANG_CXX_LANGUAGE_STANDARD = "gnu++14";
				CLANG_CXX_LIBRARY = "libc++";
				CLANG_ENABLE_MODULES = YES;
				CLANG_ENABLE_OBJC_ARC = YES;
				CLANG_ENABLE_OBJC_WEAK = YES;
				CLANG_WARN_BLOCK_CAPTURE_AUTORELEASING = YES;
				CLANG_WARN_BOOL_CONVERSION = YES;
				CLANG_WARN_COMMA = YES;
				CLANG_WARN_CONSTANT_CONVERSION = YES;
				CLANG_WARN_DEPRECATED_OBJC_IMPLEMENTATIONS = YES;
				CLANG_WARN_DIRECT_OBJC_ISA_USAGE = YES_ERROR;
				CLANG_WARN_DOCUMENTATION_COMMENTS = YES;
				CLANG_WARN_EMPTY_BODY = YES;
				CLANG_WARN_ENUM_CONVERSION = YES;
				CLANG_WARN_INFINITE_RECURSION = YES;
				CLANG_WARN_INT_CONVERSION = YES;
				CLANG_WARN_NON_LITERAL_NULL_CONVERSION = YES;
				CLANG_WARN_OBJC_IMPLICIT_RETAIN_SELF = YES;
				CLANG_WARN_OBJC_LITERAL_CONVERSION = YES;
				CLANG_WARN_OBJC_ROOT_CLASS = YES_ERROR;
				CLANG_WARN_RANGE_LOOP_ANALYSIS = YES;
				CLANG_WARN_STRICT_PROTOTYPES = YES;
				CLANG_WARN_SUSPICIOUS_MOVE = YES;
				CLANG_WARN_UNGUARDED_AVAILABILITY = YES_AGGRESSIVE;
				CLANG_WARN_UNREACHABLE_CODE = YES;
				CLANG_WARN__DUPLICATE_METHOD_MATCH = YES;
				CODE_SIGN_IDENTITY = "iPhone Developer";
				COPY_PHASE_STRIP = NO;
				DEBUG_INFORMATION_FORMAT = dwarf;
				ENABLE_STRICT_OBJC_MSGSEND = YES;
				ENABLE_TESTABILITY = YES;
				GCC_C_LANGUAGE_STANDARD = gnu11;
				GCC_DYNAMIC_NO_PIC = NO;
				GCC_NO_COMMON_BLOCKS = YES;
				GCC_OPTIMIZATION_LEVEL = 0;
				GCC_PREPROCESSOR_DEFINITIONS = (
					"DEBUG=1",
					"$(inherited)",
				);
				GCC_WARN_64_TO_32_BIT_CONVERSION = YES;
				GCC_WARN_ABOUT_RETURN_TYPE = YES_ERROR;
				GCC_WARN_UNDECLARED_SELECTOR = YES;
				GCC_WARN_UNINITIALIZED_AUTOS = YES_AGGRESSIVE;
				GCC_WARN_UNUSED_FUNCTION = YES;
				GCC_WARN_UNUSED_VARIABLE = YES;
				IPHONEOS_DEPLOYMENT_TARGET = 11.4;
				MTL_ENABLE_DEBUG_INFO = YES;
				ONLY_ACTIVE_ARCH = YES;
				SDKROOT = iphoneos;
				SWIFT_ACTIVE_COMPILATION_CONDITIONS = DEBUG;
				SWIFT_OPTIMIZATION_LEVEL = "-Onone";
			};
			name = Debug;
		};
		0D9789D920ED027800C95818 /* Release */ = {
			isa = XCBuildConfiguration;
			buildSettings = {
				ALWAYS_SEARCH_USER_PATHS = NO;
				CLANG_ANALYZER_NONNULL = YES;
				CLANG_ANALYZER_NUMBER_OBJECT_CONVERSION = YES_AGGRESSIVE;
				CLANG_CXX_LANGUAGE_STANDARD = "gnu++14";
				CLANG_CXX_LIBRARY = "libc++";
				CLANG_ENABLE_MODULES = YES;
				CLANG_ENABLE_OBJC_ARC = YES;
				CLANG_ENABLE_OBJC_WEAK = YES;
				CLANG_WARN_BLOCK_CAPTURE_AUTORELEASING = YES;
				CLANG_WARN_BOOL_CONVERSION = YES;
				CLANG_WARN_COMMA = YES;
				CLANG_WARN_CONSTANT_CONVERSION = YES;
				CLANG_WARN_DEPRECATED_OBJC_IMPLEMENTATIONS = YES;
				CLANG_WARN_DIRECT_OBJC_ISA_USAGE = YES_ERROR;
				CLANG_WARN_DOCUMENTATION_COMMENTS = YES;
				CLANG_WARN_EMPTY_BODY = YES;
				CLANG_WARN_ENUM_CONVERSION = YES;
				CLANG_WARN_INFINITE_RECURSION = YES;
				CLANG_WARN_INT_CONVERSION = YES;
				CLANG_WARN_NON_LITERAL_NULL_CONVERSION = YES;
				CLANG_WARN_OBJC_IMPLICIT_RETAIN_SELF = YES;
				CLANG_WARN_OBJC_LITERAL_CONVERSION = YES;
				CLANG_WARN_OBJC_ROOT_CLASS = YES_ERROR;
				CLANG_WARN_RANGE_LOOP_ANALYSIS = YES;
				CLANG_WARN_STRICT_PROTOTYPES = YES;
				CLANG_WARN_SUSPICIOUS_MOVE = YES;
				CLANG_WARN_UNGUARDED_AVAILABILITY = YES_AGGRESSIVE;
				CLANG_WARN_UNREACHABLE_CODE = YES;
				CLANG_WARN__DUPLICATE_METHOD_MATCH = YES;
				CODE_SIGN_IDENTITY = "iPhone Developer";
				COPY_PHASE_STRIP = NO;
				DEBUG_INFORMATION_FORMAT = "dwarf-with-dsym";
				ENABLE_NS_ASSERTIONS = NO;
				ENABLE_STRICT_OBJC_MSGSEND = YES;
				GCC_C_LANGUAGE_STANDARD = gnu11;
				GCC_NO_COMMON_BLOCKS = YES;
				GCC_WARN_64_TO_32_BIT_CONVERSION = YES;
				GCC_WARN_ABOUT_RETURN_TYPE = YES_ERROR;
				GCC_WARN_UNDECLARED_SELECTOR = YES;
				GCC_WARN_UNINITIALIZED_AUTOS = YES_AGGRESSIVE;
				GCC_WARN_UNUSED_FUNCTION = YES;
				GCC_WARN_UNUSED_VARIABLE = YES;
				IPHONEOS_DEPLOYMENT_TARGET = 11.4;
				MTL_ENABLE_DEBUG_INFO = NO;
				SDKROOT = iphoneos;
				SWIFT_COMPILATION_MODE = wholemodule;
				SWIFT_OPTIMIZATION_LEVEL = "-O";
				VALIDATE_PRODUCT = YES;
			};
			name = Release;
		};
		0D9789DB20ED027800C95818 /* Debug */ = {
			isa = XCBuildConfiguration;
			baseConfigurationReference = 5A2B64150975378EEF85A8EA /* Pods-ToDoApp.debug.xcconfig */;
			buildSettings = {
				ASSETCATALOG_COMPILER_APPICON_NAME = AppIcon;
				CODE_SIGN_STYLE = Manual;
				DEVELOPMENT_TEAM = 6QJCQ72Z8A;
				INFOPLIST_FILE = ToDoApp/Info.plist;
				LD_RUNPATH_SEARCH_PATHS = (
					"$(inherited)",
					"@executable_path/Frameworks",
				);
				PRODUCT_BUNDLE_IDENTIFIER = com.cognizant.ips.ios.ToDoApp;
				PRODUCT_NAME = "$(TARGET_NAME)";
				PROVISIONING_PROFILE = "edbf8392-39f5-40d3-bf1e-df3f67abb201";
				PROVISIONING_PROFILE_SPECIFIER = "Cognizant IPS Wildcard Profile";
				SWIFT_VERSION = 4.0;
				TARGETED_DEVICE_FAMILY = "1,2";
			};
			name = Debug;
		};
		0D9789DC20ED027800C95818 /* Release */ = {
			isa = XCBuildConfiguration;
			baseConfigurationReference = 133807B501AD0EFB9DA55D9A /* Pods-ToDoApp.release.xcconfig */;
			buildSettings = {
				ASSETCATALOG_COMPILER_APPICON_NAME = AppIcon;
				CODE_SIGN_STYLE = Manual;
				DEVELOPMENT_TEAM = 6QJCQ72Z8A;
				INFOPLIST_FILE = ToDoApp/Info.plist;
				LD_RUNPATH_SEARCH_PATHS = (
					"$(inherited)",
					"@executable_path/Frameworks",
				);
				PRODUCT_BUNDLE_IDENTIFIER = com.cognizant.ips.ios.ToDoApp;
				PRODUCT_NAME = "$(TARGET_NAME)";
				PROVISIONING_PROFILE = "edbf8392-39f5-40d3-bf1e-df3f67abb201";
				PROVISIONING_PROFILE_SPECIFIER = "Cognizant IPS Wildcard Profile";
				SWIFT_VERSION = 4.0;
				TARGETED_DEVICE_FAMILY = "1,2";
			};
			name = Release;
		};
/* End XCBuildConfiguration section */

/* Begin XCConfigurationList section */
		0D9789C320ED027600C95818 /* Build configuration list for PBXProject "ToDoApp" */ = {
			isa = XCConfigurationList;
			buildConfigurations = (
				0D9789D820ED027800C95818 /* Debug */,
				0D9789D920ED027800C95818 /* Release */,
			);
			defaultConfigurationIsVisible = 0;
			defaultConfigurationName = Release;
		};
		0D9789DA20ED027800C95818 /* Build configuration list for PBXNativeTarget "ToDoApp" */ = {
			isa = XCConfigurationList;
			buildConfigurations = (
				0D9789DB20ED027800C95818 /* Debug */,
				0D9789DC20ED027800C95818 /* Release */,
			);
			defaultConfigurationIsVisible = 0;
			defaultConfigurationName = Release;
		};
/* End XCConfigurationList section */

/* Begin XCVersionGroup section */
		0D85906720EE1F5D0069DE17 /* Todos.xcdatamodeld */ = {
			isa = XCVersionGroup;
			children = (
				0D85906820EE1F5D0069DE17 /* Todos.xcdatamodel */,
			);
			currentVersion = 0D85906820EE1F5D0069DE17 /* Todos.xcdatamodel */;
			path = Todos.xcdatamodeld;
			sourceTree = "<group>";
			versionGroupType = wrapper.xcdatamodel;
		};
/* End XCVersionGroup section */
	};
	rootObject = 0D9789C020ED027600C95818 /* Project object */;
}
